{
  "nodes": {
    "nixpkgs": {
      "locked": {
        "lastModified": 1709238302,
        "narHash": "sha256-PsFRUl5FIE/egLuNKQkVSg/dCp89f2EK1BPaQhSHw+w=",
        "owner": "nixos",
        "repo": "nixpkgs",
        "rev": "5250ee5c0b7086edd435843ae6c3ce537ba44fde",
        "type": "github"
      },
      "original": {
        "owner": "nixos",
        "repo": "nixpkgs",
        "type": "github"
      }
    },
    "root": {
      "inputs": {
        "nixpkgs": "nixpkgs"
      }
    }
  },
  "root": "root",
  "version": 7
}
